dependencies:
- name: argo-cd-extensions
  repository: https://charts.akuity.io
  version: 0.0.4
- name: argocd-image-updater
  repository: https://charts.akuity.io
  version: 0.1.1
digest: sha256:021bfc291909f98765a21545c5876d3f34396959d78642faea7c79b3c66cf00e
generated: "2022-07-13T15:18:10.046655-07:00"
