dependencies:
- name: argo-cd-extensions
  repository: https://charts.akuity.io
  version: 0.0.4
- name: argocd-image-updater
  repository: https://charts.akuity.io
  version: 0.1.2
digest: sha256:ab13e2c1536ba105d834c4ac9ff9324e6df9e4ad63061b4dd3be4aa9d2e63037
generated: "2022-09-28T15:18:30.607897-07:00"
